
Microsoft Visual Studio Solution File, Format Version 12.00
Project("{FAE04EC0-301F-11D3-BF4B-00C04F79EFBC}") = "lab8", "lab8\lab8.csproj", "{AAE53927-D96F-4F75-B8FD-27F2593A3454}"
EndProject
Global
	GlobalSection(SolutionConfigurationPlatforms) = preSolution
		Debug|Any CPU = Debug|Any CPU
		Release|Any CPU = Release|Any CPU
	EndGlobalSection
	GlobalSection(ProjectConfigurationPlatforms) = postSolution
		{AAE53927-D96F-4F75-B8FD-27F2593A3454}.Debug|Any CPU.ActiveCfg = Debug|Any CPU
		{AAE53927-D96F-4F75-B8FD-27F2593A3454}.Debug|Any CPU.Build.0 = Debug|Any CPU
		{AAE53927-D96F-4F75-B8FD-27F2593A3454}.Release|Any CPU.ActiveCfg = Release|Any CPU
		{AAE53927-D96F-4F75-B8FD-27F2593A3454}.Release|Any CPU.Build.0 = Release|Any CPU
	EndGlobalSection
EndGlobal
